
Microsoft Visual Studio Solution File, Format Version 12.00
# Visual Studio Version 16
VisualStudioVersion = 16.0.31220.234
MinimumVisualStudioVersion = 10.0.40219.1
Project("{9A19103F-16F7-4668-BE54-9A1E7A4F7556}") = "MauiBlazorApp1", "MauiBlazorApp1\MauiBlazorApp1\MauiBlazorApp1.csproj", "{09456BED-695E-4AD8-8502-D75D29DF012C}"
EndProject
Project("{9A19103F-16F7-4668-BE54-9A1E7A4F7556}") = "MauiBlazorApp1.WinUI", "MauiBlazorApp1\MauiBlazorApp1.WinUI\MauiBlazorApp1.WinUI.csproj", "{E3B971C4-C84A-4D0B-B85A-0C84EF66B3B0}"
	ProjectSection(ProjectDependencies) = postProject
		{34A85C12-82DF-4180-8B89-715C87822C63} = {34A85C12-82DF-4180-8B89-715C87822C63}
	EndProjectSection
EndProject
Project("{F2A71F9B-5D33-465A-A702-920D77279786}") = "FSharp", "FSharp\FSharp.fsproj", "{34A85C12-82DF-4180-8B89-715C87822C63}"
EndProject
Global
	GlobalSection(SolutionConfigurationPlatforms) = preSolution
		Debug|Any CPU = Debug|Any CPU
		Release|Any CPU = Release|Any CPU
	EndGlobalSection
	GlobalSection(ProjectConfigurationPlatforms) = postSolution
		{09456BED-695E-4AD8-8502-D75D29DF012C}.Debug|Any CPU.ActiveCfg = Debug|Any CPU
		{09456BED-695E-4AD8-8502-D75D29DF012C}.Debug|Any CPU.Build.0 = Debug|Any CPU
		{09456BED-695E-4AD8-8502-D75D29DF012C}.Debug|Any CPU.Deploy.0 = Debug|Any CPU
		{09456BED-695E-4AD8-8502-D75D29DF012C}.Release|Any CPU.ActiveCfg = Release|Any CPU
		{09456BED-695E-4AD8-8502-D75D29DF012C}.Release|Any CPU.Build.0 = Release|Any CPU
		{09456BED-695E-4AD8-8502-D75D29DF012C}.Release|Any CPU.Deploy.0 = Release|Any CPU
		{E3B971C4-C84A-4D0B-B85A-0C84EF66B3B0}.Debug|Any CPU.ActiveCfg = Debug|Any CPU
		{E3B971C4-C84A-4D0B-B85A-0C84EF66B3B0}.Debug|Any CPU.Build.0 = Debug|Any CPU
		{E3B971C4-C84A-4D0B-B85A-0C84EF66B3B0}.Debug|Any CPU.Deploy.0 = Debug|Any CPU
		{E3B971C4-C84A-4D0B-B85A-0C84EF66B3B0}.Release|Any CPU.ActiveCfg = Release|Any CPU
		{E3B971C4-C84A-4D0B-B85A-0C84EF66B3B0}.Release|Any CPU.Build.0 = Release|Any CPU
		{E3B971C4-C84A-4D0B-B85A-0C84EF66B3B0}.Release|Any CPU.Deploy.0 = Release|Any CPU
		{34A85C12-82DF-4180-8B89-715C87822C63}.Debug|Any CPU.ActiveCfg = Debug|Any CPU
		{34A85C12-82DF-4180-8B89-715C87822C63}.Debug|Any CPU.Build.0 = Debug|Any CPU
		{34A85C12-82DF-4180-8B89-715C87822C63}.Release|Any CPU.ActiveCfg = Release|Any CPU
		{34A85C12-82DF-4180-8B89-715C87822C63}.Release|Any CPU.Build.0 = Release|Any CPU
	EndGlobalSection
	GlobalSection(SolutionProperties) = preSolution
		HideSolutionNode = FALSE
	EndGlobalSection
	GlobalSection(ExtensibilityGlobals) = postSolution
		SolutionGuid = {61F7FB11-1E47-470C-91E2-47F8143E1572}
	EndGlobalSection
EndGlobal
